
Microsoft Visual Studio Solution File, Format Version 12.00
# Visual Studio Version 16
VisualStudioVersion = 16.0.30406.217
MinimumVisualStudioVersion = 10.0.40219.1
Project("{FAE04EC0-301F-11D3-BF4B-00C04F79EFBC}") = "AssistantProcessor", "AssistantProcessor\AssistantProcessor.csproj", "{06D243CC-92FE-494B-A540-251C703665C6}"
EndProject
Global
	GlobalSection(SolutionConfigurationPlatforms) = preSolution
		Debug|Any CPU = Debug|Any CPU
		Release|Any CPU = Release|Any CPU
	EndGlobalSection
	GlobalSection(ProjectConfigurationPlatforms) = postSolution
		{06D243CC-92FE-494B-A540-251C703665C6}.Debug|Any CPU.ActiveCfg = Debug|Any CPU
		{06D243CC-92FE-494B-A540-251C703665C6}.Debug|Any CPU.Build.0 = Debug|Any CPU
		{06D243CC-92FE-494B-A540-251C703665C6}.Release|Any CPU.ActiveCfg = Release|Any CPU
		{06D243CC-92FE-494B-A540-251C703665C6}.Release|Any CPU.Build.0 = Release|Any CPU
	EndGlobalSection
	GlobalSection(SolutionProperties) = preSolution
		HideSolutionNode = FALSE
	EndGlobalSection
	GlobalSection(ExtensibilityGlobals) = postSolution
		SolutionGuid = {1F7CFA17-82D9-4CF3-81B3-DBB881F19B66}
	EndGlobalSection
EndGlobal
